{
  "version": 4,
  "terraform_version": "1.9.8",
  "serial": 69,
  "lineage": "e7b79f75-dfd6-da76-2c10-d0c70933ca29",
  "outputs": {},
  "resources": [
    {
      "mode": "managed",
      "type": "azurerm_resource_group",
      "name": "RG01",
      "provider": "provider[\"registry.terraform.io/hashicorp/azurerm\"]",
      "instances": [
        {
          "schema_version": 0,
          "attributes": {
            "id": "/subscriptions/a96db7f9-f077-48d6-9d2e-68075185bc77/resourceGroups/RG_prj_Vnetpeering",
            "location": "centralindia",
            "managed_by": "",
            "name": "RG_prj_Vnetpeering",
            "tags": {},
            "timeouts": null
          },
          "sensitive_attributes": [],
          "private": "eyJlMmJmYjczMC1lY2FhLTExZTYtOGY4OC0zNDM2M2JjN2M0YzAiOnsiY3JlYXRlIjo1NDAwMDAwMDAwMDAwLCJkZWxldGUiOjU0MDAwMDAwMDAwMDAsInJlYWQiOjMwMDAwMDAwMDAwMCwidXBkYXRlIjo1NDAwMDAwMDAwMDAwfX0="
        }
      ]
    },
    {
      "module": "module.vnet[\"vnetA\"]",
      "mode": "data",
      "type": "azurerm_client_config",
      "name": "telemetry",
      "provider": "provider[\"registry.terraform.io/hashicorp/azurerm\"]",
      "instances": [
        {
          "index_key": 0,
          "schema_version": 0,
          "attributes": {
            "client_id": "65d199e5-f822-4b65-97a3-9c1b83894ed4",
            "id": "Y2xpZW50Q29uZmlncy9jbGllbnRJZD02NWQxOTllNS1mODIyLTRiNjUtOTdhMy05YzFiODM4OTRlZDQ7b2JqZWN0SWQ9MTc0YzNjNWEtNWQ3ZC00OGZmLTg1YzktOGNjMTU4MGQ4MDYwO3N1YnNjcmlwdGlvbklkPWE5NmRiN2Y5LWYwNzctNDhkNi05ZDJlLTY4MDc1MTg1YmM3Nzt0ZW5hbnRJZD1iM2UzM2VkYy1jZWQ3LTQzM2EtOWYzNS05M2RmOTMxN2Q3YTQ=",
            "object_id": "174c3c5a-5d7d-48ff-85c9-8cc1580d8060",
            "subscription_id": "a96db7f9-f077-48d6-9d2e-68075185bc77",
            "tenant_id": "b3e33edc-ced7-433a-9f35-93df9317d7a4",
            "timeouts": null
          },
          "sensitive_attributes": []
        }
      ]
    },
    {
      "module": "module.vnet[\"vnetA\"]",
      "mode": "data",
      "type": "modtm_module_source",
      "name": "telemetry",
      "provider": "provider[\"registry.terraform.io/azure/modtm\"]",
      "instances": [
        {
          "index_key": 0,
          "schema_version": 0,
          "attributes": {
            "module_path": ".terraform/modules/vnet",
            "module_source": "registry.terraform.io/Azure/vnet/azurerm",
            "module_version": "5.0.1"
          },
          "sensitive_attributes": []
        }
      ]
    },
    {
      "module": "module.vnet[\"vnetA\"]",
      "mode": "managed",
      "type": "azurerm_subnet",
      "name": "subnet_for_each",
      "provider": "provider[\"registry.terraform.io/hashicorp/azurerm\"]",
      "instances": [
        {
          "index_key": "Subnet_A0",
          "schema_version": 0,
          "attributes": {
            "address_prefixes": [
              "10.0.0.0/28"
            ],
            "default_outbound_access_enabled": true,
            "delegation": [],
            "id": "/subscriptions/a96db7f9-f077-48d6-9d2e-68075185bc77/resourceGroups/RG_prj_Vnetpeering/providers/Microsoft.Network/virtualNetworks/vnetA/subnets/Subnet_A0",
            "name": "Subnet_A0",
            "private_endpoint_network_policies": "Enabled",
            "private_link_service_network_policies_enabled": true,
            "resource_group_name": "RG_prj_Vnetpeering",
            "service_endpoint_policy_ids": [],
            "service_endpoints": [],
            "timeouts": null,
            "virtual_network_name": "vnetA"
          },
          "sensitive_attributes": [],
          "private": "eyJlMmJmYjczMC1lY2FhLTExZTYtOGY4OC0zNDM2M2JjN2M0YzAiOnsiY3JlYXRlIjoxODAwMDAwMDAwMDAwLCJkZWxldGUiOjE4MDAwMDAwMDAwMDAsInJlYWQiOjMwMDAwMDAwMDAwMCwidXBkYXRlIjoxODAwMDAwMDAwMDAwfX0=",
          "dependencies": [
            "azurerm_resource_group.RG01",
            "module.vnet.azurerm_virtual_network.vnet",
            "module.vnet.azurerm_virtual_network_dns_servers.this"
          ]
        },
        {
          "index_key": "Subnet_A1",
          "schema_version": 0,
          "attributes": {
            "address_prefixes": [
              "10.0.0.16/28"
            ],
            "default_outbound_access_enabled": true,
            "delegation": [],
            "id": "/subscriptions/a96db7f9-f077-48d6-9d2e-68075185bc77/resourceGroups/RG_prj_Vnetpeering/providers/Microsoft.Network/virtualNetworks/vnetA/subnets/Subnet_A1",
            "name": "Subnet_A1",
            "private_endpoint_network_policies": "Enabled",
            "private_link_service_network_policies_enabled": true,
            "resource_group_name": "RG_prj_Vnetpeering",
            "service_endpoint_policy_ids": [],
            "service_endpoints": [],
            "timeouts": null,
            "virtual_network_name": "vnetA"
          },
          "sensitive_attributes": [],
          "private": "eyJlMmJmYjczMC1lY2FhLTExZTYtOGY4OC0zNDM2M2JjN2M0YzAiOnsiY3JlYXRlIjoxODAwMDAwMDAwMDAwLCJkZWxldGUiOjE4MDAwMDAwMDAwMDAsInJlYWQiOjMwMDAwMDAwMDAwMCwidXBkYXRlIjoxODAwMDAwMDAwMDAwfX0=",
          "dependencies": [
            "azurerm_resource_group.RG01",
            "module.vnet.azurerm_virtual_network.vnet",
            "module.vnet.azurerm_virtual_network_dns_servers.this"
          ]
        }
      ]
    },
    {
      "module": "module.vnet[\"vnetA\"]",
      "mode": "managed",
      "type": "azurerm_virtual_network",
      "name": "vnet",
      "provider": "provider[\"registry.terraform.io/hashicorp/azurerm\"]",
      "instances": [
        {
          "schema_version": 0,
          "attributes": {
            "address_space": [
              "10.0.0.0/24"
            ],
            "bgp_community": "",
            "ddos_protection_plan": [],
            "dns_servers": [],
            "edge_zone": "",
            "encryption": [],
            "flow_timeout_in_minutes": 0,
            "guid": "0f00d417-f0f2-4475-9a44-447d3d8053ba",
            "id": "/subscriptions/a96db7f9-f077-48d6-9d2e-68075185bc77/resourceGroups/RG_prj_Vnetpeering/providers/Microsoft.Network/virtualNetworks/vnetA",
            "location": "centralindia",
            "name": "vnetA",
            "private_endpoint_vnet_policies": "Disabled",
            "resource_group_name": "RG_prj_Vnetpeering",
            "subnet": [
              {
                "address_prefixes": [
                  "10.0.0.0/28"
                ],
                "default_outbound_access_enabled": true,
                "delegation": [],
                "id": "/subscriptions/a96db7f9-f077-48d6-9d2e-68075185bc77/resourceGroups/RG_prj_Vnetpeering/providers/Microsoft.Network/virtualNetworks/vnetA/subnets/Subnet_A0",
                "name": "Subnet_A0",
                "private_endpoint_network_policies": "Enabled",
                "private_link_service_network_policies_enabled": true,
                "route_table_id": "",
                "security_group": "",
                "service_endpoint_policy_ids": [],
                "service_endpoints": []
              },
              {
                "address_prefixes": [
                  "10.0.0.16/28"
                ],
                "default_outbound_access_enabled": true,
                "delegation": [],
                "id": "/subscriptions/a96db7f9-f077-48d6-9d2e-68075185bc77/resourceGroups/RG_prj_Vnetpeering/providers/Microsoft.Network/virtualNetworks/vnetA/subnets/Subnet_A1",
                "name": "Subnet_A1",
                "private_endpoint_network_policies": "Enabled",
                "private_link_service_network_policies_enabled": true,
                "route_table_id": "",
                "security_group": "",
                "service_endpoint_policy_ids": [],
                "service_endpoints": []
              }
            ],
            "tags": {},
            "timeouts": null
          },
          "sensitive_attributes": [],
          "private": "eyJlMmJmYjczMC1lY2FhLTExZTYtOGY4OC0zNDM2M2JjN2M0YzAiOnsiY3JlYXRlIjoxODAwMDAwMDAwMDAwLCJkZWxldGUiOjE4MDAwMDAwMDAwMDAsInJlYWQiOjMwMDAwMDAwMDAwMCwidXBkYXRlIjoxODAwMDAwMDAwMDAwfX0=",
          "dependencies": [
            "azurerm_resource_group.RG01"
          ]
        }
      ]
    },
    {
      "module": "module.vnet[\"vnetA\"]",
      "mode": "managed",
      "type": "azurerm_virtual_network_dns_servers",
      "name": "this",
      "provider": "provider[\"registry.terraform.io/hashicorp/azurerm\"]",
      "instances": [
        {
          "index_key": 0,
          "schema_version": 0,
          "attributes": {
            "dns_servers": [],
            "id": "/subscriptions/a96db7f9-f077-48d6-9d2e-68075185bc77/resourceGroups/RG_prj_Vnetpeering/providers/Microsoft.Network/virtualNetworks/vnetA/dnsServers/default",
            "timeouts": null,
            "virtual_network_id": "/subscriptions/a96db7f9-f077-48d6-9d2e-68075185bc77/resourceGroups/RG_prj_Vnetpeering/providers/Microsoft.Network/virtualNetworks/vnetA"
          },
          "sensitive_attributes": [],
          "private": "eyJlMmJmYjczMC1lY2FhLTExZTYtOGY4OC0zNDM2M2JjN2M0YzAiOnsiY3JlYXRlIjoxODAwMDAwMDAwMDAwLCJkZWxldGUiOjE4MDAwMDAwMDAwMDAsInJlYWQiOjMwMDAwMDAwMDAwMCwidXBkYXRlIjoxODAwMDAwMDAwMDAwfX0=",
          "dependencies": [
            "azurerm_resource_group.RG01",
            "module.vnet.azurerm_virtual_network.vnet"
          ]
        }
      ]
    },
    {
      "module": "module.vnet[\"vnetA\"]",
      "mode": "managed",
      "type": "modtm_telemetry",
      "name": "telemetry",
      "provider": "provider[\"registry.terraform.io/azure/modtm\"]",
      "instances": [
        {
          "index_key": 0,
          "schema_version": 0,
          "attributes": {
            "endpoint": null,
            "ephemeral_number": null,
            "id": "750be065-4258-4d1a-9243-4c98489fc7f3",
            "nonce": null,
            "tags": {
              "module_source": "registry.terraform.io/Azure/vnet/azurerm",
              "module_version": "5.0.1",
              "random_id": "338289d4-0689-1c53-b518-ae10ce386ac4",
              "subscription_id": "a96db7f9-f077-48d6-9d2e-68075185bc77",
              "tenant_id": "b3e33edc-ced7-433a-9f35-93df9317d7a4"
            }
          },
          "sensitive_attributes": [],
          "dependencies": [
            "azurerm_resource_group.RG01",
            "module.vnet.data.azurerm_client_config.telemetry",
            "module.vnet.data.modtm_module_source.telemetry",
            "module.vnet.random_uuid.telemetry"
          ]
        }
      ]
    },
    {
      "module": "module.vnet[\"vnetA\"]",
      "mode": "managed",
      "type": "random_uuid",
      "name": "telemetry",
      "provider": "provider[\"registry.terraform.io/hashicorp/random\"]",
      "instances": [
        {
          "index_key": 0,
          "schema_version": 0,
          "attributes": {
            "id": "338289d4-0689-1c53-b518-ae10ce386ac4",
            "keepers": null,
            "result": "338289d4-0689-1c53-b518-ae10ce386ac4"
          },
          "sensitive_attributes": [],
          "dependencies": [
            "azurerm_resource_group.RG01"
          ]
        }
      ]
    },
    {
      "module": "module.vnet[\"vnetB\"]",
      "mode": "data",
      "type": "azurerm_client_config",
      "name": "telemetry",
      "provider": "provider[\"registry.terraform.io/hashicorp/azurerm\"]",
      "instances": [
        {
          "index_key": 0,
          "schema_version": 0,
          "attributes": {
            "client_id": "65d199e5-f822-4b65-97a3-9c1b83894ed4",
            "id": "Y2xpZW50Q29uZmlncy9jbGllbnRJZD02NWQxOTllNS1mODIyLTRiNjUtOTdhMy05YzFiODM4OTRlZDQ7b2JqZWN0SWQ9MTc0YzNjNWEtNWQ3ZC00OGZmLTg1YzktOGNjMTU4MGQ4MDYwO3N1YnNjcmlwdGlvbklkPWE5NmRiN2Y5LWYwNzctNDhkNi05ZDJlLTY4MDc1MTg1YmM3Nzt0ZW5hbnRJZD1iM2UzM2VkYy1jZWQ3LTQzM2EtOWYzNS05M2RmOTMxN2Q3YTQ=",
            "object_id": "174c3c5a-5d7d-48ff-85c9-8cc1580d8060",
            "subscription_id": "a96db7f9-f077-48d6-9d2e-68075185bc77",
            "tenant_id": "b3e33edc-ced7-433a-9f35-93df9317d7a4",
            "timeouts": null
          },
          "sensitive_attributes": []
        }
      ]
    },
    {
      "module": "module.vnet[\"vnetB\"]",
      "mode": "data",
      "type": "modtm_module_source",
      "name": "telemetry",
      "provider": "provider[\"registry.terraform.io/azure/modtm\"]",
      "instances": [
        {
          "index_key": 0,
          "schema_version": 0,
          "attributes": {
            "module_path": ".terraform/modules/vnet",
            "module_source": "registry.terraform.io/Azure/vnet/azurerm",
            "module_version": "5.0.1"
          },
          "sensitive_attributes": []
        }
      ]
    },
    {
      "module": "module.vnet[\"vnetB\"]",
      "mode": "managed",
      "type": "azurerm_subnet",
      "name": "subnet_for_each",
      "provider": "provider[\"registry.terraform.io/hashicorp/azurerm\"]",
      "instances": [
        {
          "index_key": "Subnet_B0",
          "schema_version": 0,
          "attributes": {
            "address_prefixes": [
              "10.1.0.0/28"
            ],
            "default_outbound_access_enabled": true,
            "delegation": [],
            "id": "/subscriptions/a96db7f9-f077-48d6-9d2e-68075185bc77/resourceGroups/RG_prj_Vnetpeering/providers/Microsoft.Network/virtualNetworks/vnetB/subnets/Subnet_B0",
            "name": "Subnet_B0",
            "private_endpoint_network_policies": "Enabled",
            "private_link_service_network_policies_enabled": true,
            "resource_group_name": "RG_prj_Vnetpeering",
            "service_endpoint_policy_ids": null,
            "service_endpoints": null,
            "timeouts": null,
            "virtual_network_name": "vnetB"
          },
          "sensitive_attributes": [],
          "private": "eyJlMmJmYjczMC1lY2FhLTExZTYtOGY4OC0zNDM2M2JjN2M0YzAiOnsiY3JlYXRlIjoxODAwMDAwMDAwMDAwLCJkZWxldGUiOjE4MDAwMDAwMDAwMDAsInJlYWQiOjMwMDAwMDAwMDAwMCwidXBkYXRlIjoxODAwMDAwMDAwMDAwfX0=",
          "dependencies": [
            "azurerm_resource_group.RG01",
            "module.vnet.azurerm_virtual_network.vnet",
            "module.vnet.azurerm_virtual_network_dns_servers.this"
          ]
        },
        {
          "index_key": "Subnet_B1",
          "schema_version": 0,
          "attributes": {
            "address_prefixes": [
              "10.1.0.16/28"
            ],
            "default_outbound_access_enabled": true,
            "delegation": [],
            "id": "/subscriptions/a96db7f9-f077-48d6-9d2e-68075185bc77/resourceGroups/RG_prj_Vnetpeering/providers/Microsoft.Network/virtualNetworks/vnetB/subnets/Subnet_B1",
            "name": "Subnet_B1",
            "private_endpoint_network_policies": "Enabled",
            "private_link_service_network_policies_enabled": true,
            "resource_group_name": "RG_prj_Vnetpeering",
            "service_endpoint_policy_ids": null,
            "service_endpoints": null,
            "timeouts": null,
            "virtual_network_name": "vnetB"
          },
          "sensitive_attributes": [],
          "private": "eyJlMmJmYjczMC1lY2FhLTExZTYtOGY4OC0zNDM2M2JjN2M0YzAiOnsiY3JlYXRlIjoxODAwMDAwMDAwMDAwLCJkZWxldGUiOjE4MDAwMDAwMDAwMDAsInJlYWQiOjMwMDAwMDAwMDAwMCwidXBkYXRlIjoxODAwMDAwMDAwMDAwfX0=",
          "dependencies": [
            "azurerm_resource_group.RG01",
            "module.vnet.azurerm_virtual_network.vnet",
            "module.vnet.azurerm_virtual_network_dns_servers.this"
          ]
        }
      ]
    },
    {
      "module": "module.vnet[\"vnetB\"]",
      "mode": "managed",
      "type": "azurerm_virtual_network",
      "name": "vnet",
      "provider": "provider[\"registry.terraform.io/hashicorp/azurerm\"]",
      "instances": [
        {
          "schema_version": 0,
          "attributes": {
            "address_space": [
              "10.1.0.0/24"
            ],
            "bgp_community": "",
            "ddos_protection_plan": [],
            "dns_servers": [],
            "edge_zone": "",
            "encryption": [],
            "flow_timeout_in_minutes": 0,
            "guid": "b434edbc-8fe5-48cb-b252-860111a39926",
            "id": "/subscriptions/a96db7f9-f077-48d6-9d2e-68075185bc77/resourceGroups/RG_prj_Vnetpeering/providers/Microsoft.Network/virtualNetworks/vnetB",
            "location": "centralindia",
            "name": "vnetB",
            "private_endpoint_vnet_policies": "Disabled",
            "resource_group_name": "RG_prj_Vnetpeering",
            "subnet": [],
            "tags": {},
            "timeouts": null
          },
          "sensitive_attributes": [],
          "private": "eyJlMmJmYjczMC1lY2FhLTExZTYtOGY4OC0zNDM2M2JjN2M0YzAiOnsiY3JlYXRlIjoxODAwMDAwMDAwMDAwLCJkZWxldGUiOjE4MDAwMDAwMDAwMDAsInJlYWQiOjMwMDAwMDAwMDAwMCwidXBkYXRlIjoxODAwMDAwMDAwMDAwfX0=",
          "dependencies": [
            "azurerm_resource_group.RG01"
          ]
        }
      ]
    },
    {
      "module": "module.vnet[\"vnetB\"]",
      "mode": "managed",
      "type": "azurerm_virtual_network_dns_servers",
      "name": "this",
      "provider": "provider[\"registry.terraform.io/hashicorp/azurerm\"]",
      "instances": [
        {
          "index_key": 0,
          "schema_version": 0,
          "attributes": {
            "dns_servers": [],
            "id": "/subscriptions/a96db7f9-f077-48d6-9d2e-68075185bc77/resourceGroups/RG_prj_Vnetpeering/providers/Microsoft.Network/virtualNetworks/vnetB/dnsServers/default",
            "timeouts": null,
            "virtual_network_id": "/subscriptions/a96db7f9-f077-48d6-9d2e-68075185bc77/resourceGroups/RG_prj_Vnetpeering/providers/Microsoft.Network/virtualNetworks/vnetB"
          },
          "sensitive_attributes": [],
          "private": "eyJlMmJmYjczMC1lY2FhLTExZTYtOGY4OC0zNDM2M2JjN2M0YzAiOnsiY3JlYXRlIjoxODAwMDAwMDAwMDAwLCJkZWxldGUiOjE4MDAwMDAwMDAwMDAsInJlYWQiOjMwMDAwMDAwMDAwMCwidXBkYXRlIjoxODAwMDAwMDAwMDAwfX0=",
          "dependencies": [
            "azurerm_resource_group.RG01",
            "module.vnet.azurerm_virtual_network.vnet"
          ]
        }
      ]
    },
    {
      "module": "module.vnet[\"vnetB\"]",
      "mode": "managed",
      "type": "modtm_telemetry",
      "name": "telemetry",
      "provider": "provider[\"registry.terraform.io/azure/modtm\"]",
      "instances": [
        {
          "index_key": 0,
          "schema_version": 0,
          "attributes": {
            "endpoint": null,
            "ephemeral_number": null,
            "id": "7b32bfe9-e613-4d10-b33d-99bb8fa968a4",
            "nonce": null,
            "tags": {
              "module_source": "registry.terraform.io/Azure/vnet/azurerm",
              "module_version": "5.0.1",
              "random_id": "14b811bc-63ab-054a-4dc6-a54a806b48d6",
              "subscription_id": "a96db7f9-f077-48d6-9d2e-68075185bc77",
              "tenant_id": "b3e33edc-ced7-433a-9f35-93df9317d7a4"
            }
          },
          "sensitive_attributes": [],
          "dependencies": [
            "azurerm_resource_group.RG01",
            "module.vnet.data.azurerm_client_config.telemetry",
            "module.vnet.data.modtm_module_source.telemetry",
            "module.vnet.random_uuid.telemetry"
          ]
        }
      ]
    },
    {
      "module": "module.vnet[\"vnetB\"]",
      "mode": "managed",
      "type": "random_uuid",
      "name": "telemetry",
      "provider": "provider[\"registry.terraform.io/hashicorp/random\"]",
      "instances": [
        {
          "index_key": 0,
          "schema_version": 0,
          "attributes": {
            "id": "14b811bc-63ab-054a-4dc6-a54a806b48d6",
            "keepers": null,
            "result": "14b811bc-63ab-054a-4dc6-a54a806b48d6"
          },
          "sensitive_attributes": [],
          "dependencies": [
            "azurerm_resource_group.RG01"
          ]
        }
      ]
    }
  ],
  "check_results": null
}
