{
  "version": 4,
  "terraform_version": "1.9.8",
  "serial": 26,
  "lineage": "e7b79f75-dfd6-da76-2c10-d0c70933ca29",
  "outputs": {},
  "resources": [
    {
      "mode": "managed",
      "type": "azurerm_resource_group",
      "name": "RG01",
      "provider": "provider[\"registry.terraform.io/hashicorp/azurerm\"]",
      "instances": [
        {
          "schema_version": 0,
          "attributes": {
            "id": "/subscriptions/a96db7f9-f077-48d6-9d2e-68075185bc77/resourceGroups/RG_prj_Vnetpeering",
            "location": "centralindia",
            "managed_by": "",
            "name": "RG_prj_Vnetpeering",
            "tags": {},
            "timeouts": null
          },
          "sensitive_attributes": [],
          "private": "eyJlMmJmYjczMC1lY2FhLTExZTYtOGY4OC0zNDM2M2JjN2M0YzAiOnsiY3JlYXRlIjo1NDAwMDAwMDAwMDAwLCJkZWxldGUiOjU0MDAwMDAwMDAwMDAsInJlYWQiOjMwMDAwMDAwMDAwMCwidXBkYXRlIjo1NDAwMDAwMDAwMDAwfX0="
        }
      ]
    },
    {
      "module": "module.vnet",
      "mode": "data",
      "type": "azurerm_client_config",
      "name": "telemetry",
      "provider": "provider[\"registry.terraform.io/hashicorp/azurerm\"]",
      "instances": [
        {
          "index_key": 0,
          "schema_version": 0,
          "attributes": {
            "client_id": "65d199e5-f822-4b65-97a3-9c1b83894ed4",
            "id": "Y2xpZW50Q29uZmlncy9jbGllbnRJZD02NWQxOTllNS1mODIyLTRiNjUtOTdhMy05YzFiODM4OTRlZDQ7b2JqZWN0SWQ9MTc0YzNjNWEtNWQ3ZC00OGZmLTg1YzktOGNjMTU4MGQ4MDYwO3N1YnNjcmlwdGlvbklkPWE5NmRiN2Y5LWYwNzctNDhkNi05ZDJlLTY4MDc1MTg1YmM3Nzt0ZW5hbnRJZD1iM2UzM2VkYy1jZWQ3LTQzM2EtOWYzNS05M2RmOTMxN2Q3YTQ=",
            "object_id": "174c3c5a-5d7d-48ff-85c9-8cc1580d8060",
            "subscription_id": "a96db7f9-f077-48d6-9d2e-68075185bc77",
            "tenant_id": "b3e33edc-ced7-433a-9f35-93df9317d7a4",
            "timeouts": null
          },
          "sensitive_attributes": []
        }
      ]
    },
    {
      "module": "module.vnet",
      "mode": "data",
      "type": "modtm_module_source",
      "name": "telemetry",
      "provider": "provider[\"registry.terraform.io/azure/modtm\"]",
      "instances": [
        {
          "index_key": 0,
          "schema_version": 0,
          "attributes": {
            "module_path": ".terraform/modules/vnet",
            "module_source": "registry.terraform.io/Azure/vnet/azurerm",
            "module_version": "5.0.1"
          },
          "sensitive_attributes": []
        }
      ]
    },
    {
      "module": "module.vnet",
      "mode": "managed",
      "type": "azurerm_subnet",
      "name": "subnet_for_each",
      "provider": "provider[\"registry.terraform.io/hashicorp/azurerm\"]",
      "instances": [
        {
          "index_key": "subnet01",
          "schema_version": 0,
          "attributes": {
            "address_prefixes": [
              "10.0.1.0/24"
            ],
            "default_outbound_access_enabled": true,
            "delegation": [],
            "id": "/subscriptions/a96db7f9-f077-48d6-9d2e-68075185bc77/resourceGroups/RG_prj_Vnetpeering/providers/Microsoft.Network/virtualNetworks/Vnet/subnets/subnet01",
            "name": "subnet01",
            "private_endpoint_network_policies": "Enabled",
            "private_link_service_network_policies_enabled": true,
            "resource_group_name": "RG_prj_Vnetpeering",
            "service_endpoint_policy_ids": null,
            "service_endpoints": null,
            "timeouts": null,
            "virtual_network_name": "Vnet"
          },
          "sensitive_attributes": [],
          "private": "eyJlMmJmYjczMC1lY2FhLTExZTYtOGY4OC0zNDM2M2JjN2M0YzAiOnsiY3JlYXRlIjoxODAwMDAwMDAwMDAwLCJkZWxldGUiOjE4MDAwMDAwMDAwMDAsInJlYWQiOjMwMDAwMDAwMDAwMCwidXBkYXRlIjoxODAwMDAwMDAwMDAwfX0=",
          "dependencies": [
            "azurerm_resource_group.RG01",
            "module.vnet.azurerm_virtual_network.vnet",
            "module.vnet.azurerm_virtual_network_dns_servers.this"
          ]
        },
        {
          "index_key": "subnet02",
          "schema_version": 0,
          "attributes": {
            "address_prefixes": [
              "10.0.0.0/24"
            ],
            "default_outbound_access_enabled": true,
            "delegation": [],
            "id": "/subscriptions/a96db7f9-f077-48d6-9d2e-68075185bc77/resourceGroups/RG_prj_Vnetpeering/providers/Microsoft.Network/virtualNetworks/Vnet/subnets/subnet02",
            "name": "subnet02",
            "private_endpoint_network_policies": "Enabled",
            "private_link_service_network_policies_enabled": true,
            "resource_group_name": "RG_prj_Vnetpeering",
            "service_endpoint_policy_ids": null,
            "service_endpoints": null,
            "timeouts": null,
            "virtual_network_name": "Vnet"
          },
          "sensitive_attributes": [],
          "private": "eyJlMmJmYjczMC1lY2FhLTExZTYtOGY4OC0zNDM2M2JjN2M0YzAiOnsiY3JlYXRlIjoxODAwMDAwMDAwMDAwLCJkZWxldGUiOjE4MDAwMDAwMDAwMDAsInJlYWQiOjMwMDAwMDAwMDAwMCwidXBkYXRlIjoxODAwMDAwMDAwMDAwfX0=",
          "dependencies": [
            "azurerm_resource_group.RG01",
            "module.vnet.azurerm_virtual_network.vnet",
            "module.vnet.azurerm_virtual_network_dns_servers.this"
          ]
        }
      ]
    },
    {
      "module": "module.vnet",
      "mode": "managed",
      "type": "azurerm_virtual_network",
      "name": "vnet",
      "provider": "provider[\"registry.terraform.io/hashicorp/azurerm\"]",
      "instances": [
        {
          "schema_version": 0,
          "attributes": {
            "address_space": [
              "10.0.0.0/16"
            ],
            "bgp_community": "",
            "ddos_protection_plan": [],
            "dns_servers": [],
            "edge_zone": "",
            "encryption": [],
            "flow_timeout_in_minutes": 0,
            "guid": "9270217d-6e1c-45e7-8646-ae707a80a356",
            "id": "/subscriptions/a96db7f9-f077-48d6-9d2e-68075185bc77/resourceGroups/RG_prj_Vnetpeering/providers/Microsoft.Network/virtualNetworks/Vnet",
            "location": "centralindia",
            "name": "Vnet",
            "private_endpoint_vnet_policies": "Disabled",
            "resource_group_name": "RG_prj_Vnetpeering",
            "subnet": [],
            "tags": {},
            "timeouts": null
          },
          "sensitive_attributes": [],
          "private": "eyJlMmJmYjczMC1lY2FhLTExZTYtOGY4OC0zNDM2M2JjN2M0YzAiOnsiY3JlYXRlIjoxODAwMDAwMDAwMDAwLCJkZWxldGUiOjE4MDAwMDAwMDAwMDAsInJlYWQiOjMwMDAwMDAwMDAwMCwidXBkYXRlIjoxODAwMDAwMDAwMDAwfX0=",
          "dependencies": [
            "azurerm_resource_group.RG01"
          ]
        }
      ]
    },
    {
      "module": "module.vnet",
      "mode": "managed",
      "type": "azurerm_virtual_network_dns_servers",
      "name": "this",
      "provider": "provider[\"registry.terraform.io/hashicorp/azurerm\"]",
      "instances": [
        {
          "index_key": 0,
          "schema_version": 0,
          "attributes": {
            "dns_servers": [],
            "id": "/subscriptions/a96db7f9-f077-48d6-9d2e-68075185bc77/resourceGroups/RG_prj_Vnetpeering/providers/Microsoft.Network/virtualNetworks/Vnet/dnsServers/default",
            "timeouts": null,
            "virtual_network_id": "/subscriptions/a96db7f9-f077-48d6-9d2e-68075185bc77/resourceGroups/RG_prj_Vnetpeering/providers/Microsoft.Network/virtualNetworks/Vnet"
          },
          "sensitive_attributes": [],
          "private": "eyJlMmJmYjczMC1lY2FhLTExZTYtOGY4OC0zNDM2M2JjN2M0YzAiOnsiY3JlYXRlIjoxODAwMDAwMDAwMDAwLCJkZWxldGUiOjE4MDAwMDAwMDAwMDAsInJlYWQiOjMwMDAwMDAwMDAwMCwidXBkYXRlIjoxODAwMDAwMDAwMDAwfX0=",
          "dependencies": [
            "azurerm_resource_group.RG01",
            "module.vnet.azurerm_virtual_network.vnet"
          ]
        }
      ]
    },
    {
      "module": "module.vnet",
      "mode": "managed",
      "type": "modtm_telemetry",
      "name": "telemetry",
      "provider": "provider[\"registry.terraform.io/azure/modtm\"]",
      "instances": [
        {
          "index_key": 0,
          "schema_version": 0,
          "attributes": {
            "endpoint": null,
            "ephemeral_number": null,
            "id": "92652848-768b-4d6b-af88-9edf96d71f8e",
            "nonce": null,
            "tags": {
              "module_source": "registry.terraform.io/Azure/vnet/azurerm",
              "module_version": "5.0.1",
              "random_id": "69ded7f7-9864-920b-e119-7016056ff4b9",
              "subscription_id": "a96db7f9-f077-48d6-9d2e-68075185bc77",
              "tenant_id": "b3e33edc-ced7-433a-9f35-93df9317d7a4"
            }
          },
          "sensitive_attributes": [],
          "dependencies": [
            "azurerm_resource_group.RG01",
            "module.vnet.data.azurerm_client_config.telemetry",
            "module.vnet.data.modtm_module_source.telemetry",
            "module.vnet.random_uuid.telemetry"
          ]
        }
      ]
    },
    {
      "module": "module.vnet",
      "mode": "managed",
      "type": "random_uuid",
      "name": "telemetry",
      "provider": "provider[\"registry.terraform.io/hashicorp/random\"]",
      "instances": [
        {
          "index_key": 0,
          "schema_version": 0,
          "attributes": {
            "id": "69ded7f7-9864-920b-e119-7016056ff4b9",
            "keepers": null,
            "result": "69ded7f7-9864-920b-e119-7016056ff4b9"
          },
          "sensitive_attributes": [],
          "dependencies": [
            "azurerm_resource_group.RG01"
          ]
        }
      ]
    }
  ],
  "check_results": null
}
